// !$*UTF8*$!
{
	archiveVersion = 1;
	classes = {
	};
	objectVersion = 50;
	objects = {

/* Begin PBXBuildFile section */
		2150664724043E8200590D0A /* AppDelegate.swift in Sources */ = {isa = PBXBuildFile; fileRef = 2150664624043E8200590D0A /* AppDelegate.swift */; };
		2150664924043E8200590D0A /* SceneDelegate.swift in Sources */ = {isa = PBXBuildFile; fileRef = 2150664824043E8200590D0A /* SceneDelegate.swift */; };
		2150664B24043E8200590D0A /* ContentView.swift in Sources */ = {isa = PBXBuildFile; fileRef = 2150664A24043E8200590D0A /* ContentView.swift */; };
		2150664D24043E8500590D0A /* Assets.xcassets in Resources */ = {isa = PBXBuildFile; fileRef = 2150664C24043E8500590D0A /* Assets.xcassets */; };
		2150665024043E8500590D0A /* Preview Assets.xcassets in Resources */ = {isa = PBXBuildFile; fileRef = 2150664F24043E8500590D0A /* Preview Assets.xcassets */; };
		2150665324043E8500590D0A /* LaunchScreen.storyboard in Resources */ = {isa = PBXBuildFile; fileRef = 2150665124043E8500590D0A /* LaunchScreen.storyboard */; };
		2150665B2404434300590D0A /* SleepCalculator.mlmodel in Sources */ = {isa = PBXBuildFile; fileRef = 2150665A2404434300590D0A /* SleepCalculator.mlmodel */; };
/* End PBXBuildFile section */

/* Begin PBXFileReference section */
		2150664324043E8200590D0A /* Project4_BetterSleep_Practice.app */ = {isa = PBXFileReference; explicitFileType = wrapper.application; includeInIndex = 0; path = Project4_BetterSleep_Practice.app; sourceTree = BUILT_PRODUCTS_DIR; };
		2150664624043E8200590D0A /* AppDelegate.swift */ = {isa = PBXFileReference; lastKnownFileType = sourcecode.swift; path = AppDelegate.swift; sourceTree = "<group>"; };
		2150664824043E8200590D0A /* SceneDelegate.swift */ = {isa = PBXFileReference; lastKnownFileType = sourcecode.swift; path = SceneDelegate.swift; sourceTree = "<group>"; };
		2150664A24043E8200590D0A /* ContentView.swift */ = {isa = PBXFileReference; lastKnownFileType = sourcecode.swift; path = ContentView.swift; sourceTree = "<group>"; };
		2150664C24043E8500590D0A /* Assets.xcassets */ = {isa = PBXFileReference; lastKnownFileType = folder.assetcatalog; path = Assets.xcassets; sourceTree = "<group>"; };
		2150664F24043E8500590D0A /* Preview Assets.xcassets */ = {isa = PBXFileReference; lastKnownFileType = folder.assetcatalog; path = "Preview Assets.xcassets"; sourceTree = "<group>"; };
		2150665224043E8500590D0A /* Base */ = {isa = PBXFileReference; lastKnownFileType = file.storyboard; name = Base; path = Base.lproj/LaunchScreen.storyboard; sourceTree = "<group>"; };
		2150665424043E8500590D0A /* Info.plist */ = {isa = PBXFileReference; lastKnownFileType = text.plist.xml; path = Info.plist; sourceTree = "<group>"; };
		2150665A2404434300590D0A /* SleepCalculator.mlmodel */ = {isa = PBXFileReference; lastKnownFileType = file.mlmodel; path = SleepCalculator.mlmodel; sourceTree = "<group>"; };
/* End PBXFileReference section */

/* Begin PBXFrameworksBuildPhase section */
		2150664024043E8200590D0A /* Frameworks */ = {
			isa = PBXFrameworksBuildPhase;
			buildActionMask = 2147483647;
			files = (
			);
			runOnlyForDeploymentPostprocessing = 0;
		};
/* End PBXFrameworksBuildPhase section */

/* Begin PBXGroup section */
		2150663A24043E8200590D0A = {
			isa = PBXGroup;
			children = (
				2150664524043E8200590D0A /* Project4_BetterSleep_Practice */,
				2150664424043E8200590D0A /* Products */,
			);
			sourceTree = "<group>";
		};
		2150664424043E8200590D0A /* Products */ = {
			isa = PBXGroup;
			children = (
				2150664324043E8200590D0A /* Project4_BetterSleep_Practice.app */,
			);
			name = Products;
			sourceTree = "<group>";
		};
		2150664524043E8200590D0A /* Project4_BetterSleep_Practice */ = {
			isa = PBXGroup;
			children = (
				2150664624043E8200590D0A /* AppDelegate.swift */,
				2150664824043E8200590D0A /* SceneDelegate.swift */,
				2150664A24043E8200590D0A /* ContentView.swift */,
				2150664C24043E8500590D0A /* Assets.xcassets */,
				2150665124043E8500590D0A /* LaunchScreen.storyboard */,
				2150665424043E8500590D0A /* Info.plist */,
				2150665A2404434300590D0A /* SleepCalculator.mlmodel */,
				2150664E24043E8500590D0A /* Preview Content */,
			);
			path = Project4_BetterSleep_Practice;
			sourceTree = "<group>";
		};
		2150664E24043E8500590D0A /* Preview Content */ = {
			isa = PBXGroup;
			children = (
				2150664F24043E8500590D0A /* Preview Assets.xcassets */,
			);
			path = "Preview Content";
			sourceTree = "<group>";
		};
/* End PBXGroup section */

/* Begin PBXNativeTarget section */
		2150664224043E8200590D0A /* Project4_BetterSleep_Practice */ = {
			isa = PBXNativeTarget;
			buildConfigurationList = 2150665724043E8500590D0A /* Build configuration list for PBXNativeTarget "Project4_BetterSleep_Practice" */;
			buildPhases = (
				2150663F24043E8200590D0A /* Sources */,
				2150664024043E8200590D0A /* Frameworks */,
				2150664124043E8200590D0A /* Resources */,
			);
			buildRules = (
			);
			dependencies = (
			);
			name = Project4_BetterSleep_Practice;
			productName = Project4_BetterSleep_Practice;
			productReference = 2150664324043E8200590D0A /* Project4_BetterSleep_Practice.app */;
			productType = "com.apple.product-type.application";
		};
/* End PBXNativeTarget section */

/* Begin PBXProject section */
		2150663B24043E8200590D0A /* Project object */ = {
			isa = PBXProject;
			attributes = {
				LastSwiftUpdateCheck = 1130;
				LastUpgradeCheck = 1130;
				ORGANIZATIONNAME = Ildar;
				TargetAttributes = {
					2150664224043E8200590D0A = {
						CreatedOnToolsVersion = 11.3.1;
					};
				};
			};
			buildConfigurationList = 2150663E24043E8200590D0A /* Build configuration list for PBXProject "Project4_BetterSleep_Practice" */;
			compatibilityVersion = "Xcode 9.3";
			developmentRegion = en;
			hasScannedForEncodings = 0;
			knownRegions = (
				en,
				Base,
			);
			mainGroup = 2150663A24043E8200590D0A;
			productRefGroup = 2150664424043E8200590D0A /* Products */;
			projectDirPath = "";
			projectRoot = "";
			targets = (
				2150664224043E8200590D0A /* Project4_BetterSleep_Practice */,
			);
		};
/* End PBXProject section */

/* Begin PBXResourcesBuildPhase section */
		2150664124043E8200590D0A /* Resources */ = {
			isa = PBXResourcesBuildPhase;
			buildActionMask = 2147483647;
			files = (
				2150665324043E8500590D0A /* LaunchScreen.storyboard in Resources */,
				2150665024043E8500590D0A /* Preview Assets.xcassets in Resources */,
				2150664D24043E8500590D0A /* Assets.xcassets in Resources */,
			);
			runOnlyForDeploymentPostprocessing = 0;
		};
/* End PBXResourcesBuildPhase section */

/* Begin PBXSourcesBuildPhase section */
		2150663F24043E8200590D0A /* Sources */ = {
			isa = PBXSourcesBuildPhase;
			buildActionMask = 2147483647;
			files = (
				2150664724043E8200590D0A /* AppDelegate.swift in Sources */,
				2150665B2404434300590D0A /* SleepCalculator.mlmodel in Sources */,
				2150664924043E8200590D0A /* SceneDelegate.swift in Sources */,
				2150664B24043E8200590D0A /* ContentView.swift in Sources */,
			);
			runOnlyForDeploymentPostprocessing = 0;
		};
/* End PBXSourcesBuildPhase section */

/* Begin PBXVariantGroup section */
		2150665124043E8500590D0A /* LaunchScreen.storyboard */ = {
			isa = PBXVariantGroup;
			children = (
				2150665224043E8500590D0A /* Base */,
			);
			name = LaunchScreen.storyboard;
			sourceTree = "<group>";
		};
/* End PBXVariantGroup section */

/* Begin XCBuildConfiguration section */
		2150665524043E8500590D0A /* Debug */ = {
			isa = XCBuildConfiguration;
			buildSettings = {
				ALWAYS_SEARCH_USER_PATHS = NO;
				CLANG_ANALYZER_NONNULL = YES;
				CLANG_ANALYZER_NUMBER_OBJECT_CONVERSION = YES_AGGRESSIVE;
				CLANG_CXX_LANGUAGE_STANDARD = "gnu++14";
				CLANG_CXX_LIBRARY = "libc++";
				CLANG_ENABLE_MODULES = YES;
				CLANG_ENABLE_OBJC_ARC = YES;
				CLANG_ENABLE_OBJC_WEAK = YES;
				CLANG_WARN_BLOCK_CAPTURE_AUTORELEASING = YES;
				CLANG_WARN_BOOL_CONVERSION = YES;
				CLANG_WARN_COMMA = YES;
				CLANG_WARN_CONSTANT_CONVERSION = YES;
				CLANG_WARN_DEPRECATED_OBJC_IMPLEMENTATIONS = YES;
				CLANG_WARN_DIRECT_OBJC_ISA_USAGE = YES_ERROR;
				CLANG_WARN_DOCUMENTATION_COMMENTS = YES;
				CLANG_WARN_EMPTY_BODY = YES;
				CLANG_WARN_ENUM_CONVERSION = YES;
				CLANG_WARN_INFINITE_RECURSION = YES;
				CLANG_WARN_INT_CONVERSION = YES;
				CLANG_WARN_NON_LITERAL_NULL_CONVERSION = YES;
				CLANG_WARN_OBJC_IMPLICIT_RETAIN_SELF = YES;
				CLANG_WARN_OBJC_LITERAL_CONVERSION = YES;
				CLANG_WARN_OBJC_ROOT_CLASS = YES_ERROR;
				CLANG_WARN_RANGE_LOOP_ANALYSIS = YES;
				CLANG_WARN_STRICT_PROTOTYPES = YES;
				CLANG_WARN_SUSPICIOUS_MOVE = YES;
				CLANG_WARN_UNGUARDED_AVAILABILITY = YES_AGGRESSIVE;
				CLANG_WARN_UNREACHABLE_CODE = YES;
				CLANG_WARN__DUPLICATE_METHOD_MATCH = YES;
				COPY_PHASE_STRIP = NO;
				DEBUG_INFORMATION_FORMAT = dwarf;
				ENABLE_STRICT_OBJC_MSGSEND = YES;
				ENABLE_TESTABILITY = YES;
				GCC_C_LANGUAGE_STANDARD = gnu11;
				GCC_DYNAMIC_NO_PIC = NO;
				GCC_NO_COMMON_BLOCKS = YES;
				GCC_OPTIMIZATION_LEVEL = 0;
				GCC_PREPROCESSOR_DEFINITIONS = (
					"DEBUG=1",
					"$(inherited)",
				);
				GCC_WARN_64_TO_32_BIT_CONVERSION = YES;
				GCC_WARN_ABOUT_RETURN_TYPE = YES_ERROR;
				GCC_WARN_UNDECLARED_SELECTOR = YES;
				GCC_WARN_UNINITIALIZED_AUTOS = YES_AGGRESSIVE;
				GCC_WARN_UNUSED_FUNCTION = YES;
				GCC_WARN_UNUSED_VARIABLE = YES;
				IPHONEOS_DEPLOYMENT_TARGET = 13.2;
				MTL_ENABLE_DEBUG_INFO = INCLUDE_SOURCE;
				MTL_FAST_MATH = YES;
				ONLY_ACTIVE_ARCH = YES;
				SDKROOT = iphoneos;
				SWIFT_ACTIVE_COMPILATION_CONDITIONS = DEBUG;
				SWIFT_OPTIMIZATION_LEVEL = "-Onone";
			};
			name = Debug;
		};
		2150665624043E8500590D0A /* Release */ = {
			isa = XCBuildConfiguration;
			buildSettings = {
				ALWAYS_SEARCH_USER_PATHS = NO;
				CLANG_ANALYZER_NONNULL = YES;
				CLANG_ANALYZER_NUMBER_OBJECT_CONVERSION = YES_AGGRESSIVE;
				CLANG_CXX_LANGUAGE_STANDARD = "gnu++14";
				CLANG_CXX_LIBRARY = "libc++";
				CLANG_ENABLE_MODULES = YES;
				CLANG_ENABLE_OBJC_ARC = YES;
				CLANG_ENABLE_OBJC_WEAK = YES;
				CLANG_WARN_BLOCK_CAPTURE_AUTORELEASING = YES;
				CLANG_WARN_BOOL_CONVERSION = YES;
				CLANG_WARN_COMMA = YES;
				CLANG_WARN_CONSTANT_CONVERSION = YES;
				CLANG_WARN_DEPRECATED_OBJC_IMPLEMENTATIONS = YES;
				CLANG_WARN_DIRECT_OBJC_ISA_USAGE = YES_ERROR;
				CLANG_WARN_DOCUMENTATION_COMMENTS = YES;
				CLANG_WARN_EMPTY_BODY = YES;
				CLANG_WARN_ENUM_CONVERSION = YES;
				CLANG_WARN_INFINITE_RECURSION = YES;
				CLANG_WARN_INT_CONVERSION = YES;
				CLANG_WARN_NON_LITERAL_NULL_CONVERSION = YES;
				CLANG_WARN_OBJC_IMPLICIT_RETAIN_SELF = YES;
				CLANG_WARN_OBJC_LITERAL_CONVERSION = YES;
				CLANG_WARN_OBJC_ROOT_CLASS = YES_ERROR;
				CLANG_WARN_RANGE_LOOP_ANALYSIS = YES;
				CLANG_WARN_STRICT_PROTOTYPES = YES;
				CLANG_WARN_SUSPICIOUS_MOVE = YES;
				CLANG_WARN_UNGUARDED_AVAILABILITY = YES_AGGRESSIVE;
				CLANG_WARN_UNREACHABLE_CODE = YES;
				CLANG_WARN__DUPLICATE_METHOD_MATCH = YES;
				COPY_PHASE_STRIP = NO;
				DEBUG_INFORMATION_FORMAT = "dwarf-with-dsym";
				ENABLE_NS_ASSERTIONS = NO;
				ENABLE_STRICT_OBJC_MSGSEND = YES;
				GCC_C_LANGUAGE_STANDARD = gnu11;
				GCC_NO_COMMON_BLOCKS = YES;
				GCC_WARN_64_TO_32_BIT_CONVERSION = YES;
				GCC_WARN_ABOUT_RETURN_TYPE = YES_ERROR;
				GCC_WARN_UNDECLARED_SELECTOR = YES;
				GCC_WARN_UNINITIALIZED_AUTOS = YES_AGGRESSIVE;
				GCC_WARN_UNUSED_FUNCTION = YES;
				GCC_WARN_UNUSED_VARIABLE = YES;
				IPHONEOS_DEPLOYMENT_TARGET = 13.2;
				MTL_ENABLE_DEBUG_INFO = NO;
				MTL_FAST_MATH = YES;
				SDKROOT = iphoneos;
				SWIFT_COMPILATION_MODE = wholemodule;
				SWIFT_OPTIMIZATION_LEVEL = "-O";
				VALIDATE_PRODUCT = YES;
			};
			name = Release;
		};
		2150665824043E8500590D0A /* Debug */ = {
			isa = XCBuildConfiguration;
			buildSettings = {
				ASSETCATALOG_COMPILER_APPICON_NAME = AppIcon;
				CODE_SIGN_STYLE = Automatic;
				DEVELOPMENT_ASSET_PATHS = "\"Project4_BetterSleep_Practice/Preview Content\"";
				DEVELOPMENT_TEAM = 2NR48U86L7;
				ENABLE_PREVIEWS = YES;
				INFOPLIST_FILE = Project4_BetterSleep_Practice/Info.plist;
				LD_RUNPATH_SEARCH_PATHS = (
					"$(inherited)",
					"@executable_path/Frameworks",
				);
				PRODUCT_BUNDLE_IDENTIFIER = "swift.NigmetzyanovIldar.Project4-BetterSleep-Practice";
				PRODUCT_NAME = "$(TARGET_NAME)";
				SWIFT_VERSION = 5.0;
				TARGETED_DEVICE_FAMILY = "1,2";
			};
			name = Debug;
		};
		2150665924043E8500590D0A /* Release */ = {
			isa = XCBuildConfiguration;
			buildSettings = {
				ASSETCATALOG_COMPILER_APPICON_NAME = AppIcon;
				CODE_SIGN_STYLE = Automatic;
				DEVELOPMENT_ASSET_PATHS = "\"Project4_BetterSleep_Practice/Preview Content\"";
				DEVELOPMENT_TEAM = 2NR48U86L7;
				ENABLE_PREVIEWS = YES;
				INFOPLIST_FILE = Project4_BetterSleep_Practice/Info.plist;
				LD_RUNPATH_SEARCH_PATHS = (
					"$(inherited)",
					"@executable_path/Frameworks",
				);
				PRODUCT_BUNDLE_IDENTIFIER = "swift.NigmetzyanovIldar.Project4-BetterSleep-Practice";
				PRODUCT_NAME = "$(TARGET_NAME)";
				SWIFT_VERSION = 5.0;
				TARGETED_DEVICE_FAMILY = "1,2";
			};
			name = Release;
		};
/* End XCBuildConfiguration section */

/* Begin XCConfigurationList section */
		2150663E24043E8200590D0A /* Build configuration list for PBXProject "Project4_BetterSleep_Practice" */ = {
			isa = XCConfigurationList;
			buildConfigurations = (
				2150665524043E8500590D0A /* Debug */,
				2150665624043E8500590D0A /* Release */,
			);
			defaultConfigurationIsVisible = 0;
			defaultConfigurationName = Release;
		};
		2150665724043E8500590D0A /* Build configuration list for PBXNativeTarget "Project4_BetterSleep_Practice" */ = {
			isa = XCConfigurationList;
			buildConfigurations = (
				2150665824043E8500590D0A /* Debug */,
				2150665924043E8500590D0A /* Release */,
			);
			defaultConfigurationIsVisible = 0;
			defaultConfigurationName = Release;
		};
/* End XCConfigurationList section */
	};
	rootObject = 2150663B24043E8200590D0A /* Project object */;
}
