// !$*UTF8*$!
{
	archiveVersion = 1;
	classes = {
	};
	objectVersion = 50;
	objects = {

/* Begin PBXBuildFile section */
		21E9C4B72408544400B1BF7F /* AppDelegate.swift in Sources */ = {isa = PBXBuildFile; fileRef = 21E9C4B62408544400B1BF7F /* AppDelegate.swift */; };
		21E9C4B92408544400B1BF7F /* SceneDelegate.swift in Sources */ = {isa = PBXBuildFile; fileRef = 21E9C4B82408544400B1BF7F /* SceneDelegate.swift */; };
		21E9C4BB2408544400B1BF7F /* ContentView.swift in Sources */ = {isa = PBXBuildFile; fileRef = 21E9C4BA2408544400B1BF7F /* ContentView.swift */; };
		21E9C4BD2408544500B1BF7F /* Assets.xcassets in Resources */ = {isa = PBXBuildFile; fileRef = 21E9C4BC2408544500B1BF7F /* Assets.xcassets */; };
		21E9C4C02408544500B1BF7F /* Preview Assets.xcassets in Resources */ = {isa = PBXBuildFile; fileRef = 21E9C4BF2408544500B1BF7F /* Preview Assets.xcassets */; };
		21E9C4C32408544500B1BF7F /* LaunchScreen.storyboard in Resources */ = {isa = PBXBuildFile; fileRef = 21E9C4C12408544500B1BF7F /* LaunchScreen.storyboard */; };
		21E9C4CB240859E800B1BF7F /* start.txt in Resources */ = {isa = PBXBuildFile; fileRef = 21E9C4CA240859E800B1BF7F /* start.txt */; };
/* End PBXBuildFile section */

/* Begin PBXFileReference section */
		21E9C4B32408544400B1BF7F /* Project5_WorldScramble_Practice.app */ = {isa = PBXFileReference; explicitFileType = wrapper.application; includeInIndex = 0; path = Project5_WorldScramble_Practice.app; sourceTree = BUILT_PRODUCTS_DIR; };
		21E9C4B62408544400B1BF7F /* AppDelegate.swift */ = {isa = PBXFileReference; lastKnownFileType = sourcecode.swift; path = AppDelegate.swift; sourceTree = "<group>"; };
		21E9C4B82408544400B1BF7F /* SceneDelegate.swift */ = {isa = PBXFileReference; lastKnownFileType = sourcecode.swift; path = SceneDelegate.swift; sourceTree = "<group>"; };
		21E9C4BA2408544400B1BF7F /* ContentView.swift */ = {isa = PBXFileReference; lastKnownFileType = sourcecode.swift; path = ContentView.swift; sourceTree = "<group>"; };
		21E9C4BC2408544500B1BF7F /* Assets.xcassets */ = {isa = PBXFileReference; lastKnownFileType = folder.assetcatalog; path = Assets.xcassets; sourceTree = "<group>"; };
		21E9C4BF2408544500B1BF7F /* Preview Assets.xcassets */ = {isa = PBXFileReference; lastKnownFileType = folder.assetcatalog; path = "Preview Assets.xcassets"; sourceTree = "<group>"; };
		21E9C4C22408544500B1BF7F /* Base */ = {isa = PBXFileReference; lastKnownFileType = file.storyboard; name = Base; path = Base.lproj/LaunchScreen.storyboard; sourceTree = "<group>"; };
		21E9C4C42408544500B1BF7F /* Info.plist */ = {isa = PBXFileReference; lastKnownFileType = text.plist.xml; path = Info.plist; sourceTree = "<group>"; };
		21E9C4CA240859E800B1BF7F /* start.txt */ = {isa = PBXFileReference; fileEncoding = 4; lastKnownFileType = text; path = start.txt; sourceTree = "<group>"; };
/* End PBXFileReference section */

/* Begin PBXFrameworksBuildPhase section */
		21E9C4B02408544400B1BF7F /* Frameworks */ = {
			isa = PBXFrameworksBuildPhase;
			buildActionMask = 2147483647;
			files = (
			);
			runOnlyForDeploymentPostprocessing = 0;
		};
/* End PBXFrameworksBuildPhase section */

/* Begin PBXGroup section */
		21E9C4AA2408544400B1BF7F = {
			isa = PBXGroup;
			children = (
				21E9C4B52408544400B1BF7F /* Project5_WorldScramble_Practice */,
				21E9C4B42408544400B1BF7F /* Products */,
			);
			sourceTree = "<group>";
		};
		21E9C4B42408544400B1BF7F /* Products */ = {
			isa = PBXGroup;
			children = (
				21E9C4B32408544400B1BF7F /* Project5_WorldScramble_Practice.app */,
			);
			name = Products;
			sourceTree = "<group>";
		};
		21E9C4B52408544400B1BF7F /* Project5_WorldScramble_Practice */ = {
			isa = PBXGroup;
			children = (
				21E9C4B62408544400B1BF7F /* AppDelegate.swift */,
				21E9C4B82408544400B1BF7F /* SceneDelegate.swift */,
				21E9C4BA2408544400B1BF7F /* ContentView.swift */,
				21E9C4BC2408544500B1BF7F /* Assets.xcassets */,
				21E9C4C12408544500B1BF7F /* LaunchScreen.storyboard */,
				21E9C4C42408544500B1BF7F /* Info.plist */,
				21E9C4CA240859E800B1BF7F /* start.txt */,
				21E9C4BE2408544500B1BF7F /* Preview Content */,
			);
			path = Project5_WorldScramble_Practice;
			sourceTree = "<group>";
		};
		21E9C4BE2408544500B1BF7F /* Preview Content */ = {
			isa = PBXGroup;
			children = (
				21E9C4BF2408544500B1BF7F /* Preview Assets.xcassets */,
			);
			path = "Preview Content";
			sourceTree = "<group>";
		};
/* End PBXGroup section */

/* Begin PBXNativeTarget section */
		21E9C4B22408544400B1BF7F /* Project5_WorldScramble_Practice */ = {
			isa = PBXNativeTarget;
			buildConfigurationList = 21E9C4C72408544500B1BF7F /* Build configuration list for PBXNativeTarget "Project5_WorldScramble_Practice" */;
			buildPhases = (
				21E9C4AF2408544400B1BF7F /* Sources */,
				21E9C4B02408544400B1BF7F /* Frameworks */,
				21E9C4B12408544400B1BF7F /* Resources */,
			);
			buildRules = (
			);
			dependencies = (
			);
			name = Project5_WorldScramble_Practice;
			productName = Project5_WorldScramble_Practice;
			productReference = 21E9C4B32408544400B1BF7F /* Project5_WorldScramble_Practice.app */;
			productType = "com.apple.product-type.application";
		};
/* End PBXNativeTarget section */

/* Begin PBXProject section */
		21E9C4AB2408544400B1BF7F /* Project object */ = {
			isa = PBXProject;
			attributes = {
				LastSwiftUpdateCheck = 1130;
				LastUpgradeCheck = 1130;
				ORGANIZATIONNAME = Ildar;
				TargetAttributes = {
					21E9C4B22408544400B1BF7F = {
						CreatedOnToolsVersion = 11.3.1;
					};
				};
			};
			buildConfigurationList = 21E9C4AE2408544400B1BF7F /* Build configuration list for PBXProject "Project5_WorldScramble_Practice" */;
			compatibilityVersion = "Xcode 9.3";
			developmentRegion = en;
			hasScannedForEncodings = 0;
			knownRegions = (
				en,
				Base,
			);
			mainGroup = 21E9C4AA2408544400B1BF7F;
			productRefGroup = 21E9C4B42408544400B1BF7F /* Products */;
			projectDirPath = "";
			projectRoot = "";
			targets = (
				21E9C4B22408544400B1BF7F /* Project5_WorldScramble_Practice */,
			);
		};
/* End PBXProject section */

/* Begin PBXResourcesBuildPhase section */
		21E9C4B12408544400B1BF7F /* Resources */ = {
			isa = PBXResourcesBuildPhase;
			buildActionMask = 2147483647;
			files = (
				21E9C4C32408544500B1BF7F /* LaunchScreen.storyboard in Resources */,
				21E9C4CB240859E800B1BF7F /* start.txt in Resources */,
				21E9C4C02408544500B1BF7F /* Preview Assets.xcassets in Resources */,
				21E9C4BD2408544500B1BF7F /* Assets.xcassets in Resources */,
			);
			runOnlyForDeploymentPostprocessing = 0;
		};
/* End PBXResourcesBuildPhase section */

/* Begin PBXSourcesBuildPhase section */
		21E9C4AF2408544400B1BF7F /* Sources */ = {
			isa = PBXSourcesBuildPhase;
			buildActionMask = 2147483647;
			files = (
				21E9C4B72408544400B1BF7F /* AppDelegate.swift in Sources */,
				21E9C4B92408544400B1BF7F /* SceneDelegate.swift in Sources */,
				21E9C4BB2408544400B1BF7F /* ContentView.swift in Sources */,
			);
			runOnlyForDeploymentPostprocessing = 0;
		};
/* End PBXSourcesBuildPhase section */

/* Begin PBXVariantGroup section */
		21E9C4C12408544500B1BF7F /* LaunchScreen.storyboard */ = {
			isa = PBXVariantGroup;
			children = (
				21E9C4C22408544500B1BF7F /* Base */,
			);
			name = LaunchScreen.storyboard;
			sourceTree = "<group>";
		};
/* End PBXVariantGroup section */

/* Begin XCBuildConfiguration section */
		21E9C4C52408544500B1BF7F /* Debug */ = {
			isa = XCBuildConfiguration;
			buildSettings = {
				ALWAYS_SEARCH_USER_PATHS = NO;
				CLANG_ANALYZER_NONNULL = YES;
				CLANG_ANALYZER_NUMBER_OBJECT_CONVERSION = YES_AGGRESSIVE;
				CLANG_CXX_LANGUAGE_STANDARD = "gnu++14";
				CLANG_CXX_LIBRARY = "libc++";
				CLANG_ENABLE_MODULES = YES;
				CLANG_ENABLE_OBJC_ARC = YES;
				CLANG_ENABLE_OBJC_WEAK = YES;
				CLANG_WARN_BLOCK_CAPTURE_AUTORELEASING = YES;
				CLANG_WARN_BOOL_CONVERSION = YES;
				CLANG_WARN_COMMA = YES;
				CLANG_WARN_CONSTANT_CONVERSION = YES;
				CLANG_WARN_DEPRECATED_OBJC_IMPLEMENTATIONS = YES;
				CLANG_WARN_DIRECT_OBJC_ISA_USAGE = YES_ERROR;
				CLANG_WARN_DOCUMENTATION_COMMENTS = YES;
				CLANG_WARN_EMPTY_BODY = YES;
				CLANG_WARN_ENUM_CONVERSION = YES;
				CLANG_WARN_INFINITE_RECURSION = YES;
				CLANG_WARN_INT_CONVERSION = YES;
				CLANG_WARN_NON_LITERAL_NULL_CONVERSION = YES;
				CLANG_WARN_OBJC_IMPLICIT_RETAIN_SELF = YES;
				CLANG_WARN_OBJC_LITERAL_CONVERSION = YES;
				CLANG_WARN_OBJC_ROOT_CLASS = YES_ERROR;
				CLANG_WARN_RANGE_LOOP_ANALYSIS = YES;
				CLANG_WARN_STRICT_PROTOTYPES = YES;
				CLANG_WARN_SUSPICIOUS_MOVE = YES;
				CLANG_WARN_UNGUARDED_AVAILABILITY = YES_AGGRESSIVE;
				CLANG_WARN_UNREACHABLE_CODE = YES;
				CLANG_WARN__DUPLICATE_METHOD_MATCH = YES;
				COPY_PHASE_STRIP = NO;
				DEBUG_INFORMATION_FORMAT = dwarf;
				ENABLE_STRICT_OBJC_MSGSEND = YES;
				ENABLE_TESTABILITY = YES;
				GCC_C_LANGUAGE_STANDARD = gnu11;
				GCC_DYNAMIC_NO_PIC = NO;
				GCC_NO_COMMON_BLOCKS = YES;
				GCC_OPTIMIZATION_LEVEL = 0;
				GCC_PREPROCESSOR_DEFINITIONS = (
					"DEBUG=1",
					"$(inherited)",
				);
				GCC_WARN_64_TO_32_BIT_CONVERSION = YES;
				GCC_WARN_ABOUT_RETURN_TYPE = YES_ERROR;
				GCC_WARN_UNDECLARED_SELECTOR = YES;
				GCC_WARN_UNINITIALIZED_AUTOS = YES_AGGRESSIVE;
				GCC_WARN_UNUSED_FUNCTION = YES;
				GCC_WARN_UNUSED_VARIABLE = YES;
				IPHONEOS_DEPLOYMENT_TARGET = 13.2;
				MTL_ENABLE_DEBUG_INFO = INCLUDE_SOURCE;
				MTL_FAST_MATH = YES;
				ONLY_ACTIVE_ARCH = YES;
				SDKROOT = iphoneos;
				SWIFT_ACTIVE_COMPILATION_CONDITIONS = DEBUG;
				SWIFT_OPTIMIZATION_LEVEL = "-Onone";
			};
			name = Debug;
		};
		21E9C4C62408544500B1BF7F /* Release */ = {
			isa = XCBuildConfiguration;
			buildSettings = {
				ALWAYS_SEARCH_USER_PATHS = NO;
				CLANG_ANALYZER_NONNULL = YES;
				CLANG_ANALYZER_NUMBER_OBJECT_CONVERSION = YES_AGGRESSIVE;
				CLANG_CXX_LANGUAGE_STANDARD = "gnu++14";
				CLANG_CXX_LIBRARY = "libc++";
				CLANG_ENABLE_MODULES = YES;
				CLANG_ENABLE_OBJC_ARC = YES;
				CLANG_ENABLE_OBJC_WEAK = YES;
				CLANG_WARN_BLOCK_CAPTURE_AUTORELEASING = YES;
				CLANG_WARN_BOOL_CONVERSION = YES;
				CLANG_WARN_COMMA = YES;
				CLANG_WARN_CONSTANT_CONVERSION = YES;
				CLANG_WARN_DEPRECATED_OBJC_IMPLEMENTATIONS = YES;
				CLANG_WARN_DIRECT_OBJC_ISA_USAGE = YES_ERROR;
				CLANG_WARN_DOCUMENTATION_COMMENTS = YES;
				CLANG_WARN_EMPTY_BODY = YES;
				CLANG_WARN_ENUM_CONVERSION = YES;
				CLANG_WARN_INFINITE_RECURSION = YES;
				CLANG_WARN_INT_CONVERSION = YES;
				CLANG_WARN_NON_LITERAL_NULL_CONVERSION = YES;
				CLANG_WARN_OBJC_IMPLICIT_RETAIN_SELF = YES;
				CLANG_WARN_OBJC_LITERAL_CONVERSION = YES;
				CLANG_WARN_OBJC_ROOT_CLASS = YES_ERROR;
				CLANG_WARN_RANGE_LOOP_ANALYSIS = YES;
				CLANG_WARN_STRICT_PROTOTYPES = YES;
				CLANG_WARN_SUSPICIOUS_MOVE = YES;
				CLANG_WARN_UNGUARDED_AVAILABILITY = YES_AGGRESSIVE;
				CLANG_WARN_UNREACHABLE_CODE = YES;
				CLANG_WARN__DUPLICATE_METHOD_MATCH = YES;
				COPY_PHASE_STRIP = NO;
				DEBUG_INFORMATION_FORMAT = "dwarf-with-dsym";
				ENABLE_NS_ASSERTIONS = NO;
				ENABLE_STRICT_OBJC_MSGSEND = YES;
				GCC_C_LANGUAGE_STANDARD = gnu11;
				GCC_NO_COMMON_BLOCKS = YES;
				GCC_WARN_64_TO_32_BIT_CONVERSION = YES;
				GCC_WARN_ABOUT_RETURN_TYPE = YES_ERROR;
				GCC_WARN_UNDECLARED_SELECTOR = YES;
				GCC_WARN_UNINITIALIZED_AUTOS = YES_AGGRESSIVE;
				GCC_WARN_UNUSED_FUNCTION = YES;
				GCC_WARN_UNUSED_VARIABLE = YES;
				IPHONEOS_DEPLOYMENT_TARGET = 13.2;
				MTL_ENABLE_DEBUG_INFO = NO;
				MTL_FAST_MATH = YES;
				SDKROOT = iphoneos;
				SWIFT_COMPILATION_MODE = wholemodule;
				SWIFT_OPTIMIZATION_LEVEL = "-O";
				VALIDATE_PRODUCT = YES;
			};
			name = Release;
		};
		21E9C4C82408544500B1BF7F /* Debug */ = {
			isa = XCBuildConfiguration;
			buildSettings = {
				ASSETCATALOG_COMPILER_APPICON_NAME = AppIcon;
				CODE_SIGN_STYLE = Automatic;
				DEVELOPMENT_ASSET_PATHS = "\"Project5_WorldScramble_Practice/Preview Content\"";
				ENABLE_PREVIEWS = YES;
				INFOPLIST_FILE = Project5_WorldScramble_Practice/Info.plist;
				LD_RUNPATH_SEARCH_PATHS = (
					"$(inherited)",
					"@executable_path/Frameworks",
				);
				PRODUCT_BUNDLE_IDENTIFIER = "swift.NigmetzyanovIldar.Project5-WorldScramble-Practice";
				PRODUCT_NAME = "$(TARGET_NAME)";
				SWIFT_VERSION = 5.0;
				TARGETED_DEVICE_FAMILY = "1,2";
			};
			name = Debug;
		};
		21E9C4C92408544500B1BF7F /* Release */ = {
			isa = XCBuildConfiguration;
			buildSettings = {
				ASSETCATALOG_COMPILER_APPICON_NAME = AppIcon;
				CODE_SIGN_STYLE = Automatic;
				DEVELOPMENT_ASSET_PATHS = "\"Project5_WorldScramble_Practice/Preview Content\"";
				ENABLE_PREVIEWS = YES;
				INFOPLIST_FILE = Project5_WorldScramble_Practice/Info.plist;
				LD_RUNPATH_SEARCH_PATHS = (
					"$(inherited)",
					"@executable_path/Frameworks",
				);
				PRODUCT_BUNDLE_IDENTIFIER = "swift.NigmetzyanovIldar.Project5-WorldScramble-Practice";
				PRODUCT_NAME = "$(TARGET_NAME)";
				SWIFT_VERSION = 5.0;
				TARGETED_DEVICE_FAMILY = "1,2";
			};
			name = Release;
		};
/* End XCBuildConfiguration section */

/* Begin XCConfigurationList section */
		21E9C4AE2408544400B1BF7F /* Build configuration list for PBXProject "Project5_WorldScramble_Practice" */ = {
			isa = XCConfigurationList;
			buildConfigurations = (
				21E9C4C52408544500B1BF7F /* Debug */,
				21E9C4C62408544500B1BF7F /* Release */,
			);
			defaultConfigurationIsVisible = 0;
			defaultConfigurationName = Release;
		};
		21E9C4C72408544500B1BF7F /* Build configuration list for PBXNativeTarget "Project5_WorldScramble_Practice" */ = {
			isa = XCConfigurationList;
			buildConfigurations = (
				21E9C4C82408544500B1BF7F /* Debug */,
				21E9C4C92408544500B1BF7F /* Release */,
			);
			defaultConfigurationIsVisible = 0;
			defaultConfigurationName = Release;
		};
/* End XCConfigurationList section */
	};
	rootObject = 21E9C4AB2408544400B1BF7F /* Project object */;
}
