// !$*UTF8*$!
{
	archiveVersion = 1;
	classes = {
	};
	objectVersion = 50;
	objects = {

/* Begin PBXBuildFile section */
		21342F21240AF3BB0017B644 /* AppDelegate.swift in Sources */ = {isa = PBXBuildFile; fileRef = 21342F20240AF3BB0017B644 /* AppDelegate.swift */; };
		21342F23240AF3BB0017B644 /* SceneDelegate.swift in Sources */ = {isa = PBXBuildFile; fileRef = 21342F22240AF3BB0017B644 /* SceneDelegate.swift */; };
		21342F25240AF3BB0017B644 /* ContentView.swift in Sources */ = {isa = PBXBuildFile; fileRef = 21342F24240AF3BB0017B644 /* ContentView.swift */; };
		21342F27240AF3BE0017B644 /* Assets.xcassets in Resources */ = {isa = PBXBuildFile; fileRef = 21342F26240AF3BE0017B644 /* Assets.xcassets */; };
		21342F2A240AF3BE0017B644 /* Preview Assets.xcassets in Resources */ = {isa = PBXBuildFile; fileRef = 21342F29240AF3BE0017B644 /* Preview Assets.xcassets */; };
		21342F2D240AF3BE0017B644 /* LaunchScreen.storyboard in Resources */ = {isa = PBXBuildFile; fileRef = 21342F2B240AF3BE0017B644 /* LaunchScreen.storyboard */; };
/* End PBXBuildFile section */

/* Begin PBXFileReference section */
		21342F1D240AF3BB0017B644 /* Project6_Animation_learn.app */ = {isa = PBXFileReference; explicitFileType = wrapper.application; includeInIndex = 0; path = Project6_Animation_learn.app; sourceTree = BUILT_PRODUCTS_DIR; };
		21342F20240AF3BB0017B644 /* AppDelegate.swift */ = {isa = PBXFileReference; lastKnownFileType = sourcecode.swift; path = AppDelegate.swift; sourceTree = "<group>"; };
		21342F22240AF3BB0017B644 /* SceneDelegate.swift */ = {isa = PBXFileReference; lastKnownFileType = sourcecode.swift; path = SceneDelegate.swift; sourceTree = "<group>"; };
		21342F24240AF3BB0017B644 /* ContentView.swift */ = {isa = PBXFileReference; lastKnownFileType = sourcecode.swift; path = ContentView.swift; sourceTree = "<group>"; };
		21342F26240AF3BE0017B644 /* Assets.xcassets */ = {isa = PBXFileReference; lastKnownFileType = folder.assetcatalog; path = Assets.xcassets; sourceTree = "<group>"; };
		21342F29240AF3BE0017B644 /* Preview Assets.xcassets */ = {isa = PBXFileReference; lastKnownFileType = folder.assetcatalog; path = "Preview Assets.xcassets"; sourceTree = "<group>"; };
		21342F2C240AF3BE0017B644 /* Base */ = {isa = PBXFileReference; lastKnownFileType = file.storyboard; name = Base; path = Base.lproj/LaunchScreen.storyboard; sourceTree = "<group>"; };
		21342F2E240AF3BE0017B644 /* Info.plist */ = {isa = PBXFileReference; lastKnownFileType = text.plist.xml; path = Info.plist; sourceTree = "<group>"; };
/* End PBXFileReference section */

/* Begin PBXFrameworksBuildPhase section */
		21342F1A240AF3BB0017B644 /* Frameworks */ = {
			isa = PBXFrameworksBuildPhase;
			buildActionMask = 2147483647;
			files = (
			);
			runOnlyForDeploymentPostprocessing = 0;
		};
/* End PBXFrameworksBuildPhase section */

/* Begin PBXGroup section */
		21342F14240AF3BB0017B644 = {
			isa = PBXGroup;
			children = (
				21342F1F240AF3BB0017B644 /* Project6_Animation_learn */,
				21342F1E240AF3BB0017B644 /* Products */,
			);
			sourceTree = "<group>";
		};
		21342F1E240AF3BB0017B644 /* Products */ = {
			isa = PBXGroup;
			children = (
				21342F1D240AF3BB0017B644 /* Project6_Animation_learn.app */,
			);
			name = Products;
			sourceTree = "<group>";
		};
		21342F1F240AF3BB0017B644 /* Project6_Animation_learn */ = {
			isa = PBXGroup;
			children = (
				21342F20240AF3BB0017B644 /* AppDelegate.swift */,
				21342F22240AF3BB0017B644 /* SceneDelegate.swift */,
				21342F24240AF3BB0017B644 /* ContentView.swift */,
				21342F26240AF3BE0017B644 /* Assets.xcassets */,
				21342F2B240AF3BE0017B644 /* LaunchScreen.storyboard */,
				21342F2E240AF3BE0017B644 /* Info.plist */,
				21342F28240AF3BE0017B644 /* Preview Content */,
			);
			path = Project6_Animation_learn;
			sourceTree = "<group>";
		};
		21342F28240AF3BE0017B644 /* Preview Content */ = {
			isa = PBXGroup;
			children = (
				21342F29240AF3BE0017B644 /* Preview Assets.xcassets */,
			);
			path = "Preview Content";
			sourceTree = "<group>";
		};
/* End PBXGroup section */

/* Begin PBXNativeTarget section */
		21342F1C240AF3BB0017B644 /* Project6_Animation_learn */ = {
			isa = PBXNativeTarget;
			buildConfigurationList = 21342F31240AF3BE0017B644 /* Build configuration list for PBXNativeTarget "Project6_Animation_learn" */;
			buildPhases = (
				21342F19240AF3BB0017B644 /* Sources */,
				21342F1A240AF3BB0017B644 /* Frameworks */,
				21342F1B240AF3BB0017B644 /* Resources */,
			);
			buildRules = (
			);
			dependencies = (
			);
			name = Project6_Animation_learn;
			productName = Project6_Animation_learn;
			productReference = 21342F1D240AF3BB0017B644 /* Project6_Animation_learn.app */;
			productType = "com.apple.product-type.application";
		};
/* End PBXNativeTarget section */

/* Begin PBXProject section */
		21342F15240AF3BB0017B644 /* Project object */ = {
			isa = PBXProject;
			attributes = {
				LastSwiftUpdateCheck = 1130;
				LastUpgradeCheck = 1130;
				ORGANIZATIONNAME = Ildar;
				TargetAttributes = {
					21342F1C240AF3BB0017B644 = {
						CreatedOnToolsVersion = 11.3.1;
					};
				};
			};
			buildConfigurationList = 21342F18240AF3BB0017B644 /* Build configuration list for PBXProject "Project6_Animation_learn" */;
			compatibilityVersion = "Xcode 9.3";
			developmentRegion = en;
			hasScannedForEncodings = 0;
			knownRegions = (
				en,
				Base,
			);
			mainGroup = 21342F14240AF3BB0017B644;
			productRefGroup = 21342F1E240AF3BB0017B644 /* Products */;
			projectDirPath = "";
			projectRoot = "";
			targets = (
				21342F1C240AF3BB0017B644 /* Project6_Animation_learn */,
			);
		};
/* End PBXProject section */

/* Begin PBXResourcesBuildPhase section */
		21342F1B240AF3BB0017B644 /* Resources */ = {
			isa = PBXResourcesBuildPhase;
			buildActionMask = 2147483647;
			files = (
				21342F2D240AF3BE0017B644 /* LaunchScreen.storyboard in Resources */,
				21342F2A240AF3BE0017B644 /* Preview Assets.xcassets in Resources */,
				21342F27240AF3BE0017B644 /* Assets.xcassets in Resources */,
			);
			runOnlyForDeploymentPostprocessing = 0;
		};
/* End PBXResourcesBuildPhase section */

/* Begin PBXSourcesBuildPhase section */
		21342F19240AF3BB0017B644 /* Sources */ = {
			isa = PBXSourcesBuildPhase;
			buildActionMask = 2147483647;
			files = (
				21342F21240AF3BB0017B644 /* AppDelegate.swift in Sources */,
				21342F23240AF3BB0017B644 /* SceneDelegate.swift in Sources */,
				21342F25240AF3BB0017B644 /* ContentView.swift in Sources */,
			);
			runOnlyForDeploymentPostprocessing = 0;
		};
/* End PBXSourcesBuildPhase section */

/* Begin PBXVariantGroup section */
		21342F2B240AF3BE0017B644 /* LaunchScreen.storyboard */ = {
			isa = PBXVariantGroup;
			children = (
				21342F2C240AF3BE0017B644 /* Base */,
			);
			name = LaunchScreen.storyboard;
			sourceTree = "<group>";
		};
/* End PBXVariantGroup section */

/* Begin XCBuildConfiguration section */
		21342F2F240AF3BE0017B644 /* Debug */ = {
			isa = XCBuildConfiguration;
			buildSettings = {
				ALWAYS_SEARCH_USER_PATHS = NO;
				CLANG_ANALYZER_NONNULL = YES;
				CLANG_ANALYZER_NUMBER_OBJECT_CONVERSION = YES_AGGRESSIVE;
				CLANG_CXX_LANGUAGE_STANDARD = "gnu++14";
				CLANG_CXX_LIBRARY = "libc++";
				CLANG_ENABLE_MODULES = YES;
				CLANG_ENABLE_OBJC_ARC = YES;
				CLANG_ENABLE_OBJC_WEAK = YES;
				CLANG_WARN_BLOCK_CAPTURE_AUTORELEASING = YES;
				CLANG_WARN_BOOL_CONVERSION = YES;
				CLANG_WARN_COMMA = YES;
				CLANG_WARN_CONSTANT_CONVERSION = YES;
				CLANG_WARN_DEPRECATED_OBJC_IMPLEMENTATIONS = YES;
				CLANG_WARN_DIRECT_OBJC_ISA_USAGE = YES_ERROR;
				CLANG_WARN_DOCUMENTATION_COMMENTS = YES;
				CLANG_WARN_EMPTY_BODY = YES;
				CLANG_WARN_ENUM_CONVERSION = YES;
				CLANG_WARN_INFINITE_RECURSION = YES;
				CLANG_WARN_INT_CONVERSION = YES;
				CLANG_WARN_NON_LITERAL_NULL_CONVERSION = YES;
				CLANG_WARN_OBJC_IMPLICIT_RETAIN_SELF = YES;
				CLANG_WARN_OBJC_LITERAL_CONVERSION = YES;
				CLANG_WARN_OBJC_ROOT_CLASS = YES_ERROR;
				CLANG_WARN_RANGE_LOOP_ANALYSIS = YES;
				CLANG_WARN_STRICT_PROTOTYPES = YES;
				CLANG_WARN_SUSPICIOUS_MOVE = YES;
				CLANG_WARN_UNGUARDED_AVAILABILITY = YES_AGGRESSIVE;
				CLANG_WARN_UNREACHABLE_CODE = YES;
				CLANG_WARN__DUPLICATE_METHOD_MATCH = YES;
				COPY_PHASE_STRIP = NO;
				DEBUG_INFORMATION_FORMAT = dwarf;
				ENABLE_STRICT_OBJC_MSGSEND = YES;
				ENABLE_TESTABILITY = YES;
				GCC_C_LANGUAGE_STANDARD = gnu11;
				GCC_DYNAMIC_NO_PIC = NO;
				GCC_NO_COMMON_BLOCKS = YES;
				GCC_OPTIMIZATION_LEVEL = 0;
				GCC_PREPROCESSOR_DEFINITIONS = (
					"DEBUG=1",
					"$(inherited)",
				);
				GCC_WARN_64_TO_32_BIT_CONVERSION = YES;
				GCC_WARN_ABOUT_RETURN_TYPE = YES_ERROR;
				GCC_WARN_UNDECLARED_SELECTOR = YES;
				GCC_WARN_UNINITIALIZED_AUTOS = YES_AGGRESSIVE;
				GCC_WARN_UNUSED_FUNCTION = YES;
				GCC_WARN_UNUSED_VARIABLE = YES;
				IPHONEOS_DEPLOYMENT_TARGET = 13.2;
				MTL_ENABLE_DEBUG_INFO = INCLUDE_SOURCE;
				MTL_FAST_MATH = YES;
				ONLY_ACTIVE_ARCH = YES;
				SDKROOT = iphoneos;
				SWIFT_ACTIVE_COMPILATION_CONDITIONS = DEBUG;
				SWIFT_OPTIMIZATION_LEVEL = "-Onone";
			};
			name = Debug;
		};
		21342F30240AF3BE0017B644 /* Release */ = {
			isa = XCBuildConfiguration;
			buildSettings = {
				ALWAYS_SEARCH_USER_PATHS = NO;
				CLANG_ANALYZER_NONNULL = YES;
				CLANG_ANALYZER_NUMBER_OBJECT_CONVERSION = YES_AGGRESSIVE;
				CLANG_CXX_LANGUAGE_STANDARD = "gnu++14";
				CLANG_CXX_LIBRARY = "libc++";
				CLANG_ENABLE_MODULES = YES;
				CLANG_ENABLE_OBJC_ARC = YES;
				CLANG_ENABLE_OBJC_WEAK = YES;
				CLANG_WARN_BLOCK_CAPTURE_AUTORELEASING = YES;
				CLANG_WARN_BOOL_CONVERSION = YES;
				CLANG_WARN_COMMA = YES;
				CLANG_WARN_CONSTANT_CONVERSION = YES;
				CLANG_WARN_DEPRECATED_OBJC_IMPLEMENTATIONS = YES;
				CLANG_WARN_DIRECT_OBJC_ISA_USAGE = YES_ERROR;
				CLANG_WARN_DOCUMENTATION_COMMENTS = YES;
				CLANG_WARN_EMPTY_BODY = YES;
				CLANG_WARN_ENUM_CONVERSION = YES;
				CLANG_WARN_INFINITE_RECURSION = YES;
				CLANG_WARN_INT_CONVERSION = YES;
				CLANG_WARN_NON_LITERAL_NULL_CONVERSION = YES;
				CLANG_WARN_OBJC_IMPLICIT_RETAIN_SELF = YES;
				CLANG_WARN_OBJC_LITERAL_CONVERSION = YES;
				CLANG_WARN_OBJC_ROOT_CLASS = YES_ERROR;
				CLANG_WARN_RANGE_LOOP_ANALYSIS = YES;
				CLANG_WARN_STRICT_PROTOTYPES = YES;
				CLANG_WARN_SUSPICIOUS_MOVE = YES;
				CLANG_WARN_UNGUARDED_AVAILABILITY = YES_AGGRESSIVE;
				CLANG_WARN_UNREACHABLE_CODE = YES;
				CLANG_WARN__DUPLICATE_METHOD_MATCH = YES;
				COPY_PHASE_STRIP = NO;
				DEBUG_INFORMATION_FORMAT = "dwarf-with-dsym";
				ENABLE_NS_ASSERTIONS = NO;
				ENABLE_STRICT_OBJC_MSGSEND = YES;
				GCC_C_LANGUAGE_STANDARD = gnu11;
				GCC_NO_COMMON_BLOCKS = YES;
				GCC_WARN_64_TO_32_BIT_CONVERSION = YES;
				GCC_WARN_ABOUT_RETURN_TYPE = YES_ERROR;
				GCC_WARN_UNDECLARED_SELECTOR = YES;
				GCC_WARN_UNINITIALIZED_AUTOS = YES_AGGRESSIVE;
				GCC_WARN_UNUSED_FUNCTION = YES;
				GCC_WARN_UNUSED_VARIABLE = YES;
				IPHONEOS_DEPLOYMENT_TARGET = 13.2;
				MTL_ENABLE_DEBUG_INFO = NO;
				MTL_FAST_MATH = YES;
				SDKROOT = iphoneos;
				SWIFT_COMPILATION_MODE = wholemodule;
				SWIFT_OPTIMIZATION_LEVEL = "-O";
				VALIDATE_PRODUCT = YES;
			};
			name = Release;
		};
		21342F32240AF3BE0017B644 /* Debug */ = {
			isa = XCBuildConfiguration;
			buildSettings = {
				ASSETCATALOG_COMPILER_APPICON_NAME = AppIcon;
				CODE_SIGN_STYLE = Automatic;
				DEVELOPMENT_ASSET_PATHS = "\"Project6_Animation_learn/Preview Content\"";
				ENABLE_PREVIEWS = YES;
				INFOPLIST_FILE = Project6_Animation_learn/Info.plist;
				LD_RUNPATH_SEARCH_PATHS = (
					"$(inherited)",
					"@executable_path/Frameworks",
				);
				PRODUCT_BUNDLE_IDENTIFIER = "swift.NigmetzyanovIldar.Project6-Animation-learn";
				PRODUCT_NAME = "$(TARGET_NAME)";
				SWIFT_VERSION = 5.0;
				TARGETED_DEVICE_FAMILY = "1,2";
			};
			name = Debug;
		};
		21342F33240AF3BE0017B644 /* Release */ = {
			isa = XCBuildConfiguration;
			buildSettings = {
				ASSETCATALOG_COMPILER_APPICON_NAME = AppIcon;
				CODE_SIGN_STYLE = Automatic;
				DEVELOPMENT_ASSET_PATHS = "\"Project6_Animation_learn/Preview Content\"";
				ENABLE_PREVIEWS = YES;
				INFOPLIST_FILE = Project6_Animation_learn/Info.plist;
				LD_RUNPATH_SEARCH_PATHS = (
					"$(inherited)",
					"@executable_path/Frameworks",
				);
				PRODUCT_BUNDLE_IDENTIFIER = "swift.NigmetzyanovIldar.Project6-Animation-learn";
				PRODUCT_NAME = "$(TARGET_NAME)";
				SWIFT_VERSION = 5.0;
				TARGETED_DEVICE_FAMILY = "1,2";
			};
			name = Release;
		};
/* End XCBuildConfiguration section */

/* Begin XCConfigurationList section */
		21342F18240AF3BB0017B644 /* Build configuration list for PBXProject "Project6_Animation_learn" */ = {
			isa = XCConfigurationList;
			buildConfigurations = (
				21342F2F240AF3BE0017B644 /* Debug */,
				21342F30240AF3BE0017B644 /* Release */,
			);
			defaultConfigurationIsVisible = 0;
			defaultConfigurationName = Release;
		};
		21342F31240AF3BE0017B644 /* Build configuration list for PBXNativeTarget "Project6_Animation_learn" */ = {
			isa = XCConfigurationList;
			buildConfigurations = (
				21342F32240AF3BE0017B644 /* Debug */,
				21342F33240AF3BE0017B644 /* Release */,
			);
			defaultConfigurationIsVisible = 0;
			defaultConfigurationName = Release;
		};
/* End XCConfigurationList section */
	};
	rootObject = 21342F15240AF3BB0017B644 /* Project object */;
}
