// !$*UTF8*$!
{
	archiveVersion = 1;
	classes = {
	};
	objectVersion = 50;
	objects = {

/* Begin PBXBuildFile section */
		21B392E92430DA4300CDEB80 /* AppDelegate.swift in Sources */ = {isa = PBXBuildFile; fileRef = 21B392E82430DA4300CDEB80 /* AppDelegate.swift */; };
		21B392EB2430DA4300CDEB80 /* SceneDelegate.swift in Sources */ = {isa = PBXBuildFile; fileRef = 21B392EA2430DA4300CDEB80 /* SceneDelegate.swift */; };
		21B392EE2430DA4300CDEB80 /* ChallengeB.xcdatamodeld in Sources */ = {isa = PBXBuildFile; fileRef = 21B392EC2430DA4300CDEB80 /* ChallengeB.xcdatamodeld */; };
		21B392F02430DA4300CDEB80 /* ContentView.swift in Sources */ = {isa = PBXBuildFile; fileRef = 21B392EF2430DA4300CDEB80 /* ContentView.swift */; };
		21B392F22430DA4300CDEB80 /* Assets.xcassets in Resources */ = {isa = PBXBuildFile; fileRef = 21B392F12430DA4300CDEB80 /* Assets.xcassets */; };
		21B392F52430DA4300CDEB80 /* Preview Assets.xcassets in Resources */ = {isa = PBXBuildFile; fileRef = 21B392F42430DA4300CDEB80 /* Preview Assets.xcassets */; };
		21B392F82430DA4300CDEB80 /* LaunchScreen.storyboard in Resources */ = {isa = PBXBuildFile; fileRef = 21B392F62430DA4300CDEB80 /* LaunchScreen.storyboard */; };
		21B393042430DB9200CDEB80 /* Person.swift in Sources */ = {isa = PBXBuildFile; fileRef = 21B393032430DB9200CDEB80 /* Person.swift */; };
		21B393062430DBAF00CDEB80 /* Friend.swift in Sources */ = {isa = PBXBuildFile; fileRef = 21B393052430DBAF00CDEB80 /* Friend.swift */; };
		21B393092430DED600CDEB80 /* PersonData+CoreDataClass.swift in Sources */ = {isa = PBXBuildFile; fileRef = 21B393072430DED600CDEB80 /* PersonData+CoreDataClass.swift */; };
		21B3930A2430DED600CDEB80 /* PersonData+CoreDataProperties.swift in Sources */ = {isa = PBXBuildFile; fileRef = 21B393082430DED600CDEB80 /* PersonData+CoreDataProperties.swift */; };
/* End PBXBuildFile section */

/* Begin PBXFileReference section */
		21B392E52430DA4300CDEB80 /* ChallengeB.app */ = {isa = PBXFileReference; explicitFileType = wrapper.application; includeInIndex = 0; path = ChallengeB.app; sourceTree = BUILT_PRODUCTS_DIR; };
		21B392E82430DA4300CDEB80 /* AppDelegate.swift */ = {isa = PBXFileReference; lastKnownFileType = sourcecode.swift; path = AppDelegate.swift; sourceTree = "<group>"; };
		21B392EA2430DA4300CDEB80 /* SceneDelegate.swift */ = {isa = PBXFileReference; lastKnownFileType = sourcecode.swift; path = SceneDelegate.swift; sourceTree = "<group>"; };
		21B392ED2430DA4300CDEB80 /* ChallengeB.xcdatamodel */ = {isa = PBXFileReference; lastKnownFileType = wrapper.xcdatamodel; path = ChallengeB.xcdatamodel; sourceTree = "<group>"; };
		21B392EF2430DA4300CDEB80 /* ContentView.swift */ = {isa = PBXFileReference; lastKnownFileType = sourcecode.swift; path = ContentView.swift; sourceTree = "<group>"; };
		21B392F12430DA4300CDEB80 /* Assets.xcassets */ = {isa = PBXFileReference; lastKnownFileType = folder.assetcatalog; path = Assets.xcassets; sourceTree = "<group>"; };
		21B392F42430DA4300CDEB80 /* Preview Assets.xcassets */ = {isa = PBXFileReference; lastKnownFileType = folder.assetcatalog; path = "Preview Assets.xcassets"; sourceTree = "<group>"; };
		21B392F72430DA4300CDEB80 /* Base */ = {isa = PBXFileReference; lastKnownFileType = file.storyboard; name = Base; path = Base.lproj/LaunchScreen.storyboard; sourceTree = "<group>"; };
		21B392F92430DA4300CDEB80 /* Info.plist */ = {isa = PBXFileReference; lastKnownFileType = text.plist.xml; path = Info.plist; sourceTree = "<group>"; };
		21B393032430DB9200CDEB80 /* Person.swift */ = {isa = PBXFileReference; lastKnownFileType = sourcecode.swift; path = Person.swift; sourceTree = "<group>"; };
		21B393052430DBAF00CDEB80 /* Friend.swift */ = {isa = PBXFileReference; lastKnownFileType = sourcecode.swift; path = Friend.swift; sourceTree = "<group>"; };
		21B393072430DED600CDEB80 /* PersonData+CoreDataClass.swift */ = {isa = PBXFileReference; lastKnownFileType = sourcecode.swift; path = "PersonData+CoreDataClass.swift"; sourceTree = SOURCE_ROOT; };
		21B393082430DED600CDEB80 /* PersonData+CoreDataProperties.swift */ = {isa = PBXFileReference; lastKnownFileType = sourcecode.swift; path = "PersonData+CoreDataProperties.swift"; sourceTree = SOURCE_ROOT; };
/* End PBXFileReference section */

/* Begin PBXFrameworksBuildPhase section */
		21B392E22430DA4300CDEB80 /* Frameworks */ = {
			isa = PBXFrameworksBuildPhase;
			buildActionMask = 2147483647;
			files = (
			);
			runOnlyForDeploymentPostprocessing = 0;
		};
/* End PBXFrameworksBuildPhase section */

/* Begin PBXGroup section */
		21B392DC2430DA4300CDEB80 = {
			isa = PBXGroup;
			children = (
				21B392E72430DA4300CDEB80 /* ChallengeB */,
				21B392E62430DA4300CDEB80 /* Products */,
			);
			sourceTree = "<group>";
		};
		21B392E62430DA4300CDEB80 /* Products */ = {
			isa = PBXGroup;
			children = (
				21B392E52430DA4300CDEB80 /* ChallengeB.app */,
			);
			name = Products;
			sourceTree = "<group>";
		};
		21B392E72430DA4300CDEB80 /* ChallengeB */ = {
			isa = PBXGroup;
			children = (
				21B393072430DED600CDEB80 /* PersonData+CoreDataClass.swift */,
				21B393082430DED600CDEB80 /* PersonData+CoreDataProperties.swift */,
				21B392E82430DA4300CDEB80 /* AppDelegate.swift */,
				21B392EA2430DA4300CDEB80 /* SceneDelegate.swift */,
				21B392EF2430DA4300CDEB80 /* ContentView.swift */,
				21B393032430DB9200CDEB80 /* Person.swift */,
				21B393052430DBAF00CDEB80 /* Friend.swift */,
				21B392F12430DA4300CDEB80 /* Assets.xcassets */,
				21B392F62430DA4300CDEB80 /* LaunchScreen.storyboard */,
				21B392F92430DA4300CDEB80 /* Info.plist */,
				21B392EC2430DA4300CDEB80 /* ChallengeB.xcdatamodeld */,
				21B392F32430DA4300CDEB80 /* Preview Content */,
			);
			path = ChallengeB;
			sourceTree = "<group>";
		};
		21B392F32430DA4300CDEB80 /* Preview Content */ = {
			isa = PBXGroup;
			children = (
				21B392F42430DA4300CDEB80 /* Preview Assets.xcassets */,
			);
			path = "Preview Content";
			sourceTree = "<group>";
		};
/* End PBXGroup section */

/* Begin PBXNativeTarget section */
		21B392E42430DA4300CDEB80 /* ChallengeB */ = {
			isa = PBXNativeTarget;
			buildConfigurationList = 21B392FC2430DA4300CDEB80 /* Build configuration list for PBXNativeTarget "ChallengeB" */;
			buildPhases = (
				21B392E12430DA4300CDEB80 /* Sources */,
				21B392E22430DA4300CDEB80 /* Frameworks */,
				21B392E32430DA4300CDEB80 /* Resources */,
			);
			buildRules = (
			);
			dependencies = (
			);
			name = ChallengeB;
			productName = ChallengeB;
			productReference = 21B392E52430DA4300CDEB80 /* ChallengeB.app */;
			productType = "com.apple.product-type.application";
		};
/* End PBXNativeTarget section */

/* Begin PBXProject section */
		21B392DD2430DA4300CDEB80 /* Project object */ = {
			isa = PBXProject;
			attributes = {
				LastSwiftUpdateCheck = 1140;
				LastUpgradeCheck = 1140;
				ORGANIZATIONNAME = Ildar;
				TargetAttributes = {
					21B392E42430DA4300CDEB80 = {
						CreatedOnToolsVersion = 11.4;
					};
				};
			};
			buildConfigurationList = 21B392E02430DA4300CDEB80 /* Build configuration list for PBXProject "ChallengeB" */;
			compatibilityVersion = "Xcode 9.3";
			developmentRegion = en;
			hasScannedForEncodings = 0;
			knownRegions = (
				en,
				Base,
			);
			mainGroup = 21B392DC2430DA4300CDEB80;
			productRefGroup = 21B392E62430DA4300CDEB80 /* Products */;
			projectDirPath = "";
			projectRoot = "";
			targets = (
				21B392E42430DA4300CDEB80 /* ChallengeB */,
			);
		};
/* End PBXProject section */

/* Begin PBXResourcesBuildPhase section */
		21B392E32430DA4300CDEB80 /* Resources */ = {
			isa = PBXResourcesBuildPhase;
			buildActionMask = 2147483647;
			files = (
				21B392F82430DA4300CDEB80 /* LaunchScreen.storyboard in Resources */,
				21B392F52430DA4300CDEB80 /* Preview Assets.xcassets in Resources */,
				21B392F22430DA4300CDEB80 /* Assets.xcassets in Resources */,
			);
			runOnlyForDeploymentPostprocessing = 0;
		};
/* End PBXResourcesBuildPhase section */

/* Begin PBXSourcesBuildPhase section */
		21B392E12430DA4300CDEB80 /* Sources */ = {
			isa = PBXSourcesBuildPhase;
			buildActionMask = 2147483647;
			files = (
				21B393092430DED600CDEB80 /* PersonData+CoreDataClass.swift in Sources */,
				21B392EE2430DA4300CDEB80 /* ChallengeB.xcdatamodeld in Sources */,
				21B3930A2430DED600CDEB80 /* PersonData+CoreDataProperties.swift in Sources */,
				21B392E92430DA4300CDEB80 /* AppDelegate.swift in Sources */,
				21B393042430DB9200CDEB80 /* Person.swift in Sources */,
				21B392F02430DA4300CDEB80 /* ContentView.swift in Sources */,
				21B392EB2430DA4300CDEB80 /* SceneDelegate.swift in Sources */,
				21B393062430DBAF00CDEB80 /* Friend.swift in Sources */,
			);
			runOnlyForDeploymentPostprocessing = 0;
		};
/* End PBXSourcesBuildPhase section */

/* Begin PBXVariantGroup section */
		21B392F62430DA4300CDEB80 /* LaunchScreen.storyboard */ = {
			isa = PBXVariantGroup;
			children = (
				21B392F72430DA4300CDEB80 /* Base */,
			);
			name = LaunchScreen.storyboard;
			sourceTree = "<group>";
		};
/* End PBXVariantGroup section */

/* Begin XCBuildConfiguration section */
		21B392FA2430DA4300CDEB80 /* Debug */ = {
			isa = XCBuildConfiguration;
			buildSettings = {
				ALWAYS_SEARCH_USER_PATHS = NO;
				CLANG_ANALYZER_NONNULL = YES;
				CLANG_ANALYZER_NUMBER_OBJECT_CONVERSION = YES_AGGRESSIVE;
				CLANG_CXX_LANGUAGE_STANDARD = "gnu++14";
				CLANG_CXX_LIBRARY = "libc++";
				CLANG_ENABLE_MODULES = YES;
				CLANG_ENABLE_OBJC_ARC = YES;
				CLANG_ENABLE_OBJC_WEAK = YES;
				CLANG_WARN_BLOCK_CAPTURE_AUTORELEASING = YES;
				CLANG_WARN_BOOL_CONVERSION = YES;
				CLANG_WARN_COMMA = YES;
				CLANG_WARN_CONSTANT_CONVERSION = YES;
				CLANG_WARN_DEPRECATED_OBJC_IMPLEMENTATIONS = YES;
				CLANG_WARN_DIRECT_OBJC_ISA_USAGE = YES_ERROR;
				CLANG_WARN_DOCUMENTATION_COMMENTS = YES;
				CLANG_WARN_EMPTY_BODY = YES;
				CLANG_WARN_ENUM_CONVERSION = YES;
				CLANG_WARN_INFINITE_RECURSION = YES;
				CLANG_WARN_INT_CONVERSION = YES;
				CLANG_WARN_NON_LITERAL_NULL_CONVERSION = YES;
				CLANG_WARN_OBJC_IMPLICIT_RETAIN_SELF = YES;
				CLANG_WARN_OBJC_LITERAL_CONVERSION = YES;
				CLANG_WARN_OBJC_ROOT_CLASS = YES_ERROR;
				CLANG_WARN_RANGE_LOOP_ANALYSIS = YES;
				CLANG_WARN_STRICT_PROTOTYPES = YES;
				CLANG_WARN_SUSPICIOUS_MOVE = YES;
				CLANG_WARN_UNGUARDED_AVAILABILITY = YES_AGGRESSIVE;
				CLANG_WARN_UNREACHABLE_CODE = YES;
				CLANG_WARN__DUPLICATE_METHOD_MATCH = YES;
				COPY_PHASE_STRIP = NO;
				DEBUG_INFORMATION_FORMAT = dwarf;
				ENABLE_STRICT_OBJC_MSGSEND = YES;
				ENABLE_TESTABILITY = YES;
				GCC_C_LANGUAGE_STANDARD = gnu11;
				GCC_DYNAMIC_NO_PIC = NO;
				GCC_NO_COMMON_BLOCKS = YES;
				GCC_OPTIMIZATION_LEVEL = 0;
				GCC_PREPROCESSOR_DEFINITIONS = (
					"DEBUG=1",
					"$(inherited)",
				);
				GCC_WARN_64_TO_32_BIT_CONVERSION = YES;
				GCC_WARN_ABOUT_RETURN_TYPE = YES_ERROR;
				GCC_WARN_UNDECLARED_SELECTOR = YES;
				GCC_WARN_UNINITIALIZED_AUTOS = YES_AGGRESSIVE;
				GCC_WARN_UNUSED_FUNCTION = YES;
				GCC_WARN_UNUSED_VARIABLE = YES;
				IPHONEOS_DEPLOYMENT_TARGET = 13.4;
				MTL_ENABLE_DEBUG_INFO = INCLUDE_SOURCE;
				MTL_FAST_MATH = YES;
				ONLY_ACTIVE_ARCH = YES;
				SDKROOT = iphoneos;
				SWIFT_ACTIVE_COMPILATION_CONDITIONS = DEBUG;
				SWIFT_OPTIMIZATION_LEVEL = "-Onone";
			};
			name = Debug;
		};
		21B392FB2430DA4300CDEB80 /* Release */ = {
			isa = XCBuildConfiguration;
			buildSettings = {
				ALWAYS_SEARCH_USER_PATHS = NO;
				CLANG_ANALYZER_NONNULL = YES;
				CLANG_ANALYZER_NUMBER_OBJECT_CONVERSION = YES_AGGRESSIVE;
				CLANG_CXX_LANGUAGE_STANDARD = "gnu++14";
				CLANG_CXX_LIBRARY = "libc++";
				CLANG_ENABLE_MODULES = YES;
				CLANG_ENABLE_OBJC_ARC = YES;
				CLANG_ENABLE_OBJC_WEAK = YES;
				CLANG_WARN_BLOCK_CAPTURE_AUTORELEASING = YES;
				CLANG_WARN_BOOL_CONVERSION = YES;
				CLANG_WARN_COMMA = YES;
				CLANG_WARN_CONSTANT_CONVERSION = YES;
				CLANG_WARN_DEPRECATED_OBJC_IMPLEMENTATIONS = YES;
				CLANG_WARN_DIRECT_OBJC_ISA_USAGE = YES_ERROR;
				CLANG_WARN_DOCUMENTATION_COMMENTS = YES;
				CLANG_WARN_EMPTY_BODY = YES;
				CLANG_WARN_ENUM_CONVERSION = YES;
				CLANG_WARN_INFINITE_RECURSION = YES;
				CLANG_WARN_INT_CONVERSION = YES;
				CLANG_WARN_NON_LITERAL_NULL_CONVERSION = YES;
				CLANG_WARN_OBJC_IMPLICIT_RETAIN_SELF = YES;
				CLANG_WARN_OBJC_LITERAL_CONVERSION = YES;
				CLANG_WARN_OBJC_ROOT_CLASS = YES_ERROR;
				CLANG_WARN_RANGE_LOOP_ANALYSIS = YES;
				CLANG_WARN_STRICT_PROTOTYPES = YES;
				CLANG_WARN_SUSPICIOUS_MOVE = YES;
				CLANG_WARN_UNGUARDED_AVAILABILITY = YES_AGGRESSIVE;
				CLANG_WARN_UNREACHABLE_CODE = YES;
				CLANG_WARN__DUPLICATE_METHOD_MATCH = YES;
				COPY_PHASE_STRIP = NO;
				DEBUG_INFORMATION_FORMAT = "dwarf-with-dsym";
				ENABLE_NS_ASSERTIONS = NO;
				ENABLE_STRICT_OBJC_MSGSEND = YES;
				GCC_C_LANGUAGE_STANDARD = gnu11;
				GCC_NO_COMMON_BLOCKS = YES;
				GCC_WARN_64_TO_32_BIT_CONVERSION = YES;
				GCC_WARN_ABOUT_RETURN_TYPE = YES_ERROR;
				GCC_WARN_UNDECLARED_SELECTOR = YES;
				GCC_WARN_UNINITIALIZED_AUTOS = YES_AGGRESSIVE;
				GCC_WARN_UNUSED_FUNCTION = YES;
				GCC_WARN_UNUSED_VARIABLE = YES;
				IPHONEOS_DEPLOYMENT_TARGET = 13.4;
				MTL_ENABLE_DEBUG_INFO = NO;
				MTL_FAST_MATH = YES;
				SDKROOT = iphoneos;
				SWIFT_COMPILATION_MODE = wholemodule;
				SWIFT_OPTIMIZATION_LEVEL = "-O";
				VALIDATE_PRODUCT = YES;
			};
			name = Release;
		};
		21B392FD2430DA4300CDEB80 /* Debug */ = {
			isa = XCBuildConfiguration;
			buildSettings = {
				ASSETCATALOG_COMPILER_APPICON_NAME = AppIcon;
				CODE_SIGN_STYLE = Automatic;
				DEVELOPMENT_ASSET_PATHS = "\"ChallengeB/Preview Content\"";
				ENABLE_PREVIEWS = YES;
				INFOPLIST_FILE = ChallengeB/Info.plist;
				LD_RUNPATH_SEARCH_PATHS = (
					"$(inherited)",
					"@executable_path/Frameworks",
				);
				PRODUCT_BUNDLE_IDENTIFIER = com.learnswift.ChallengeB;
				PRODUCT_NAME = "$(TARGET_NAME)";
				SWIFT_VERSION = 5.0;
				TARGETED_DEVICE_FAMILY = "1,2";
			};
			name = Debug;
		};
		21B392FE2430DA4300CDEB80 /* Release */ = {
			isa = XCBuildConfiguration;
			buildSettings = {
				ASSETCATALOG_COMPILER_APPICON_NAME = AppIcon;
				CODE_SIGN_STYLE = Automatic;
				DEVELOPMENT_ASSET_PATHS = "\"ChallengeB/Preview Content\"";
				ENABLE_PREVIEWS = YES;
				INFOPLIST_FILE = ChallengeB/Info.plist;
				LD_RUNPATH_SEARCH_PATHS = (
					"$(inherited)",
					"@executable_path/Frameworks",
				);
				PRODUCT_BUNDLE_IDENTIFIER = com.learnswift.ChallengeB;
				PRODUCT_NAME = "$(TARGET_NAME)";
				SWIFT_VERSION = 5.0;
				TARGETED_DEVICE_FAMILY = "1,2";
			};
			name = Release;
		};
/* End XCBuildConfiguration section */

/* Begin XCConfigurationList section */
		21B392E02430DA4300CDEB80 /* Build configuration list for PBXProject "ChallengeB" */ = {
			isa = XCConfigurationList;
			buildConfigurations = (
				21B392FA2430DA4300CDEB80 /* Debug */,
				21B392FB2430DA4300CDEB80 /* Release */,
			);
			defaultConfigurationIsVisible = 0;
			defaultConfigurationName = Release;
		};
		21B392FC2430DA4300CDEB80 /* Build configuration list for PBXNativeTarget "ChallengeB" */ = {
			isa = XCConfigurationList;
			buildConfigurations = (
				21B392FD2430DA4300CDEB80 /* Debug */,
				21B392FE2430DA4300CDEB80 /* Release */,
			);
			defaultConfigurationIsVisible = 0;
			defaultConfigurationName = Release;
		};
/* End XCConfigurationList section */

/* Begin XCVersionGroup section */
		21B392EC2430DA4300CDEB80 /* ChallengeB.xcdatamodeld */ = {
			isa = XCVersionGroup;
			children = (
				21B392ED2430DA4300CDEB80 /* ChallengeB.xcdatamodel */,
			);
			currentVersion = 21B392ED2430DA4300CDEB80 /* ChallengeB.xcdatamodel */;
			path = ChallengeB.xcdatamodeld;
			sourceTree = "<group>";
			versionGroupType = wrapper.xcdatamodel;
		};
/* End XCVersionGroup section */
	};
	rootObject = 21B392DD2430DA4300CDEB80 /* Project object */;
}
